
Microsoft Visual Studio Solution File, Format Version 12.00
# Visual Studio Express 2013 for Windows Desktop
VisualStudioVersion = 12.0.21005.1
MinimumVisualStudioVersion = 10.0.40219.1
Project("{FAE04EC0-301F-11D3-BF4B-00C04F79EFBC}") = "GenericCompiler", "GenericCompiler.csproj", "{4B154DF4-1A67-4406-956B-5F4893B4D93B}"
EndProject
Project("{FAE04EC0-301F-11D3-BF4B-00C04F79EFBC}") = "TonicLogic", "..\TonicLogic\TonicLogic.csproj", "{F8CFE0CF-4155-49F4-A17B-77EF0AB8EED3}"
EndProject
Project("{FAE04EC0-301F-11D3-BF4B-00C04F79EFBC}") = "GenericCompilerUnitTest", "GenericCompilerUnitTest\GenericCompilerUnitTest.csproj", "{5F1FC6BF-CDD0-490C-AF5C-5DB8086CD3AD}"
EndProject
Global
	GlobalSection(SolutionConfigurationPlatforms) = preSolution
		Debug|Any CPU = Debug|Any CPU
		Release|Any CPU = Release|Any CPU
	EndGlobalSection
	GlobalSection(ProjectConfigurationPlatforms) = postSolution
		{4B154DF4-1A67-4406-956B-5F4893B4D93B}.Debug|Any CPU.ActiveCfg = Debug|Any CPU
		{4B154DF4-1A67-4406-956B-5F4893B4D93B}.Debug|Any CPU.Build.0 = Debug|Any CPU
		{4B154DF4-1A67-4406-956B-5F4893B4D93B}.Release|Any CPU.ActiveCfg = Release|Any CPU
		{4B154DF4-1A67-4406-956B-5F4893B4D93B}.Release|Any CPU.Build.0 = Release|Any CPU
		{F8CFE0CF-4155-49F4-A17B-77EF0AB8EED3}.Debug|Any CPU.ActiveCfg = Debug|Any CPU
		{F8CFE0CF-4155-49F4-A17B-77EF0AB8EED3}.Debug|Any CPU.Build.0 = Debug|Any CPU
		{F8CFE0CF-4155-49F4-A17B-77EF0AB8EED3}.Release|Any CPU.ActiveCfg = Release|Any CPU
		{F8CFE0CF-4155-49F4-A17B-77EF0AB8EED3}.Release|Any CPU.Build.0 = Release|Any CPU
		{5F1FC6BF-CDD0-490C-AF5C-5DB8086CD3AD}.Debug|Any CPU.ActiveCfg = Debug|Any CPU
		{5F1FC6BF-CDD0-490C-AF5C-5DB8086CD3AD}.Debug|Any CPU.Build.0 = Debug|Any CPU
		{5F1FC6BF-CDD0-490C-AF5C-5DB8086CD3AD}.Release|Any CPU.ActiveCfg = Release|Any CPU
		{5F1FC6BF-CDD0-490C-AF5C-5DB8086CD3AD}.Release|Any CPU.Build.0 = Release|Any CPU
	EndGlobalSection
	GlobalSection(SolutionProperties) = preSolution
		HideSolutionNode = FALSE
	EndGlobalSection
EndGlobal
